{
	"name": "nkm-workbench",
	"version": "0.0.62",
	"lockfileVersion": 2,
	"requires": true,
	"packages": {
		"": {
			"name": "nkm-workbench",
			"version": "0.0.60",
			"license": "MIT",
			"devDependencies": {
				"electron": "^17.1.0"
			}
		},
		"../nkmjs-actions": {
			"name": "@nkmjs/actions",
			"version": "0.0.36",
			"extraneous": true,
			"license": "MIT",
			"dependencies": {
				"@nkmjs/collections": "^0.1.18",
				"@nkmjs/common": "^0.1.26",
				"@nkmjs/environment": "^0.1.27",
				"@nkmjs/services": "^0.0.35",
				"@nkmjs/utils": "^0.0.35"
			}
		},
		"../nkmjs-app-core": {
			"name": "@nkmjs/app-core",
			"version": "0.1.34",
			"extraneous": true,
			"license": "MIT",
			"dependencies": {
				"@nkmjs/actions": "^0.0.36",
				"@nkmjs/collections": "^0.1.18",
				"@nkmjs/common": "^0.1.26",
				"@nkmjs/data-core": "^0.0.36",
				"@nkmjs/dialog": "^0.0.42",
				"@nkmjs/documents": "^0.0.39",
				"@nkmjs/environment": "^0.1.27",
				"@nkmjs/io-core": "^0.1.30",
				"@nkmjs/services": "^0.0.35",
				"@nkmjs/style": "^0.0.39",
				"@nkmjs/ui-core": "^0.0.44",
				"@nkmjs/ui-library": "^0.0.28",
				"@nkmjs/ui-workspace": "^0.0.44",
				"@nkmjs/utils": "^0.0.35"
			}
		},
		"../nkmjs-collections": {
			"name": "@nkmjs/collections",
			"version": "0.1.18",
			"extraneous": true,
			"license": "MIT"
		},
		"../nkmjs-common": {
			"name": "@nkmjs/common",
			"version": "0.1.26",
			"extraneous": true,
			"license": "MIT",
			"dependencies": {
				"@nkmjs/collections": "^0.1.18",
				"@nkmjs/utils": "^0.0.35"
			}
		},
		"../nkmjs-core": {
			"name": "@nkmjs/core",
			"version": "0.1.39",
			"extraneous": true,
			"license": "MIT",
			"dependencies": {
				"@nkmjs/actions": "^0.0.36",
				"@nkmjs/app-core": "^0.1.34",
				"@nkmjs/collections": "^0.1.18",
				"@nkmjs/common": "^0.1.26",
				"@nkmjs/data-core": "^0.0.36",
				"@nkmjs/data-library": "^0.0.25",
				"@nkmjs/dialog": "^0.0.42",
				"@nkmjs/documents": "^0.0.39",
				"@nkmjs/electron-core": "^0.0.46",
				"@nkmjs/environment": "^0.1.27",
				"@nkmjs/io-core": "^0.1.30",
				"@nkmjs/io-electron": "^0.0.39",
				"@nkmjs/localisation": "^0.0.29",
				"@nkmjs/metrics": "^0.0.29",
				"@nkmjs/server-core": "^0.0.10",
				"@nkmjs/services": "^0.0.35",
				"@nkmjs/style": "^0.0.39",
				"@nkmjs/ui-core": "^0.0.44",
				"@nkmjs/ui-data-controls": "^0.0.27",
				"@nkmjs/ui-library": "^0.0.28",
				"@nkmjs/ui-workspace": "^0.0.44",
				"@nkmjs/utils": "^0.0.35"
			}
		},
		"../nkmjs-core-dev": {
			"name": "@nkmjs/core-dev",
			"version": "0.1.49",
			"extraneous": true,
			"hasInstallScript": true,
			"license": "MIT",
			"dependencies": {
				"@babel/cli": "^7.12.10",
				"@babel/core": "^7.15.5",
				"@babel/plugin-proposal-class-properties": "^7.12.1",
				"@babel/preset-env": "^7.12.11",
				"@nkmjs/core": "^0.1.39",
				"@nkmjs/utils": "^0.0.35",
				"adm-zip": "^0.5.3",
				"axios": "^0.24.0",
				"babel-plugin-conditional-compilation": "^0.0.1",
				"browserify": "^17.0.0",
				"chalk": "^4.1.0",
				"csso": "^4.2.0",
				"electron": "^17.1.0",
				"electron-builder": "^22.14.5",
				"image-size": "^0.9.4",
				"jsdoc": "^3.6.6",
				"jsdoc-to-markdown": "^6.0.1",
				"png-to-ico": "^2.1.2",
				"sass": "^1.32.5",
				"sharp": "^0.27.2",
				"terser": "^5.5.1"
			},
			"bin": {
				"nkmjs": "bin/cli.js"
			}
		},
		"../nkmjs-data-core": {
			"name": "@nkmjs/data-core",
			"version": "0.0.36",
			"extraneous": true,
			"license": "MIT",
			"dependencies": {
				"@nkmjs/actions": "^0.0.36",
				"@nkmjs/collections": "^0.1.18",
				"@nkmjs/common": "^0.1.26",
				"@nkmjs/utils": "^0.0.35"
			}
		},
		"../nkmjs-data-library": {
			"name": "@nkmjs/data-library",
			"version": "0.0.25",
			"extraneous": true,
			"license": "MIT",
			"dependencies": {
				"@nkmjs/actions": "^0.0.36",
				"@nkmjs/collections": "^0.1.18",
				"@nkmjs/common": "^0.1.26",
				"@nkmjs/data-core": "^0.0.36",
				"@nkmjs/documents": "^0.0.39",
				"@nkmjs/environment": "^0.1.27",
				"@nkmjs/io-core": "^0.1.30",
				"@nkmjs/utils": "^0.0.35"
			}
		},
		"../nkmjs-dialog": {
			"name": "@nkmjs/dialog",
			"version": "0.0.42",
			"extraneous": true,
			"license": "MIT",
			"dependencies": {
				"@nkmjs/actions": "^0.0.36",
				"@nkmjs/collections": "^0.1.18",
				"@nkmjs/common": "^0.1.26",
				"@nkmjs/services": "^0.0.35",
				"@nkmjs/style": "^0.0.39",
				"@nkmjs/ui-core": "^0.0.44",
				"@nkmjs/utils": "^0.0.35"
			}
		},
		"../nkmjs-documents": {
			"name": "@nkmjs/documents",
			"version": "0.0.39",
			"extraneous": true,
			"license": "MIT",
			"dependencies": {
				"@nkmjs/collections": "^0.1.18",
				"@nkmjs/common": "^0.1.26",
				"@nkmjs/data-core": "^0.0.36",
				"@nkmjs/environment": "^0.1.27",
				"@nkmjs/io-core": "^0.1.30",
				"@nkmjs/utils": "^0.0.35"
			}
		},
		"../nkmjs-electron-core": {
			"name": "@nkmjs/electron-core",
			"version": "0.0.46",
			"extraneous": true,
			"license": "MIT",
			"dependencies": {
				"@electron/remote": "^2.0.5",
				"@nkmjs/actions": "^0.0.36",
				"@nkmjs/app-core": "^0.1.34",
				"@nkmjs/collections": "^0.1.18",
				"@nkmjs/common": "^0.1.26",
				"@nkmjs/io-electron": "^0.0.39",
				"@nkmjs/services": "^0.0.35",
				"@nkmjs/utils": "^0.0.35"
			},
			"devDependencies": {
				"electron": "^17.1.0"
			}
		},
		"../nkmjs-environment": {
			"name": "@nkmjs/environment",
			"version": "0.1.27",
			"extraneous": true,
			"license": "MIT",
			"dependencies": {
				"@nkmjs/collections": "^0.1.18",
				"@nkmjs/common": "^0.1.26",
				"@nkmjs/services": "^0.0.35",
				"@nkmjs/utils": "^0.0.35"
			}
		},
		"../nkmjs-io-core": {
			"name": "@nkmjs/io-core",
			"version": "0.1.30",
			"extraneous": true,
			"license": "MIT",
			"dependencies": {
				"@nkmjs/collections": "^0.1.18",
				"@nkmjs/common": "^0.1.26",
				"@nkmjs/environment": "^0.1.27",
				"@nkmjs/services": "^0.0.35",
				"@nkmjs/utils": "^0.0.35"
			}
		},
		"../nkmjs-io-electron": {
			"name": "@nkmjs/io-electron",
			"version": "0.0.39",
			"extraneous": true,
			"license": "MIT",
			"dependencies": {
				"@nkmjs/collections": "^0.1.18",
				"@nkmjs/common": "^0.1.26",
				"@nkmjs/io-core": "^0.1.30",
				"@nkmjs/utils": "^0.0.35",
				"chokidar": "^3.5.3"
			}
		},
		"../nkmjs-localisation": {
			"name": "@nkmjs/localisation",
			"version": "0.0.29",
			"extraneous": true,
			"license": "MIT",
			"dependencies": {
				"@nkmjs/collections": "^0.1.18",
				"@nkmjs/common": "^0.1.26",
				"@nkmjs/environment": "^0.1.27",
				"@nkmjs/services": "^0.0.35",
				"@nkmjs/utils": "^0.0.35"
			}
		},
		"../nkmjs-metrics": {
			"name": "@nkmjs/metrics",
			"version": "0.0.29",
			"extraneous": true,
			"license": "MIT",
			"dependencies": {
				"@nkmjs/collections": "^0.1.18",
				"@nkmjs/common": "^0.1.26",
				"@nkmjs/environment": "^0.1.27",
				"@nkmjs/services": "^0.0.35",
				"@nkmjs/utils": "^0.0.35"
			}
		},
		"../nkmjs-server-core": {
			"name": "@nkmjs/server-core",
			"version": "0.0.10",
			"extraneous": true,
			"license": "MIT",
			"dependencies": {
				"@nkmjs/collections": "^0.1.18",
				"@nkmjs/common": "^0.1.26",
				"axios": "^0.24.0",
				"cors": "^2.8.5",
				"express": "^4.17.1"
			}
		},
		"../nkmjs-services": {
			"name": "@nkmjs/services",
			"version": "0.0.35",
			"extraneous": true,
			"license": "MIT",
			"dependencies": {
				"@nkmjs/collections": "^0.1.18",
				"@nkmjs/common": "^0.1.26",
				"@nkmjs/utils": "^0.0.35"
			}
		},
		"../nkmjs-style": {
			"name": "@nkmjs/style",
			"version": "0.0.39",
			"extraneous": true,
			"license": "MIT",
			"dependencies": {
				"@nkmjs/collections": "^0.1.18",
				"@nkmjs/common": "^0.1.26",
				"@nkmjs/environment": "^0.1.27",
				"@nkmjs/utils": "^0.0.35"
			}
		},
		"../nkmjs-ui-core": {
			"name": "@nkmjs/ui-core",
			"version": "0.0.44",
			"extraneous": true,
			"license": "MIT",
			"dependencies": {
				"@nkmjs/actions": "^0.0.36",
				"@nkmjs/collections": "^0.1.18",
				"@nkmjs/common": "^0.1.26",
				"@nkmjs/data-core": "^0.0.36",
				"@nkmjs/environment": "^0.1.27",
				"@nkmjs/style": "^0.0.39",
				"@nkmjs/utils": "^0.0.35"
			}
		},
		"../nkmjs-ui-data-controls": {
			"name": "@nkmjs/ui-data-controls",
			"version": "0.0.27",
			"extraneous": true,
			"license": "MIT",
			"dependencies": {
				"@nkmjs/actions": "^0.0.36",
				"@nkmjs/collections": "^0.1.18",
				"@nkmjs/common": "^0.1.26",
				"@nkmjs/data-core": "^0.0.36",
				"@nkmjs/data-library": "^0.0.25",
				"@nkmjs/documents": "^0.0.39",
				"@nkmjs/environment": "^0.1.27",
				"@nkmjs/io-core": "^0.1.30",
				"@nkmjs/style": "^0.0.39",
				"@nkmjs/ui-core": "^0.0.44",
				"@nkmjs/utils": "^0.0.35"
			}
		},
		"../nkmjs-ui-library": {
			"name": "@nkmjs/ui-library",
			"version": "0.0.28",
			"extraneous": true,
			"license": "MIT",
			"dependencies": {
				"@nkmjs/actions": "^0.0.36",
				"@nkmjs/collections": "^0.1.18",
				"@nkmjs/common": "^0.1.26",
				"@nkmjs/data-core": "^0.0.36",
				"@nkmjs/dialog": "^0.0.42",
				"@nkmjs/documents": "^0.0.39",
				"@nkmjs/environment": "^0.1.27",
				"@nkmjs/io-core": "^0.1.30",
				"@nkmjs/style": "^0.0.39",
				"@nkmjs/ui-core": "^0.0.44",
				"@nkmjs/utils": "^0.0.35"
			}
		},
		"../nkmjs-ui-workspace": {
			"name": "@nkmjs/ui-workspace",
			"version": "0.0.44",
			"extraneous": true,
			"license": "MIT",
			"dependencies": {
				"@nkmjs/actions": "^0.0.36",
				"@nkmjs/collections": "^0.1.18",
				"@nkmjs/common": "^0.1.26",
				"@nkmjs/data-core": "^0.0.36",
				"@nkmjs/dialog": "^0.0.42",
				"@nkmjs/documents": "^0.0.39",
				"@nkmjs/environment": "^0.1.27",
				"@nkmjs/io-core": "^0.1.30",
				"@nkmjs/services": "^0.0.35",
				"@nkmjs/style": "^0.0.39",
				"@nkmjs/ui-core": "^0.0.44",
				"@nkmjs/ui-data-controls": "^0.0.27",
				"@nkmjs/ui-library": "^0.0.28",
				"@nkmjs/utils": "^0.0.35"
			}
		},
		"../nkmjs-utils": {
			"name": "@nkmjs/utils",
			"version": "0.0.35",
			"extraneous": true,
			"license": "MIT",
			"dependencies": {
				"uuid": "^8.3.2"
			}
		},
		"node_modules/@electron/get": {
			"version": "1.13.1",
			"dev": true,
			"license": "MIT",
			"dependencies": {
				"debug": "^4.1.1",
				"env-paths": "^2.2.0",
				"fs-extra": "^8.1.0",
				"got": "^9.6.0",
				"progress": "^2.0.3",
				"semver": "^6.2.0",
				"sumchecker": "^3.0.1"
			},
			"engines": {
				"node": ">=8.6"
			},
			"optionalDependencies": {
				"global-agent": "^3.0.0",
				"global-tunnel-ng": "^2.7.1"
			}
		},
		"node_modules/@sindresorhus/is": {
			"version": "0.14.0",
			"dev": true,
			"license": "MIT",
			"engines": {
				"node": ">=6"
			}
		},
		"node_modules/@szmarczak/http-timer": {
			"version": "1.1.2",
			"dev": true,
			"license": "MIT",
			"dependencies": {
				"defer-to-connect": "^1.0.1"
			},
			"engines": {
				"node": ">=6"
			}
		},
		"node_modules/@types/node": {
			"version": "14.18.1",
			"dev": true,
			"license": "MIT"
		},
		"node_modules/boolean": {
			"version": "3.1.4",
			"dev": true,
			"license": "MIT",
			"optional": true
		},
		"node_modules/buffer-crc32": {
			"version": "0.2.13",
			"dev": true,
			"license": "MIT",
			"engines": {
				"node": "*"
			}
		},
		"node_modules/buffer-from": {
			"version": "1.1.2",
			"dev": true,
			"license": "MIT"
		},
		"node_modules/cacheable-request": {
			"version": "6.1.0",
			"dev": true,
			"license": "MIT",
			"dependencies": {
				"clone-response": "^1.0.2",
				"get-stream": "^5.1.0",
				"http-cache-semantics": "^4.0.0",
				"keyv": "^3.0.0",
				"lowercase-keys": "^2.0.0",
				"normalize-url": "^4.1.0",
				"responselike": "^1.0.2"
			},
			"engines": {
				"node": ">=8"
			}
		},
		"node_modules/cacheable-request/node_modules/get-stream": {
			"version": "5.2.0",
			"dev": true,
			"license": "MIT",
			"dependencies": {
				"pump": "^3.0.0"
			},
			"engines": {
				"node": ">=8"
			},
			"funding": {
				"url": "https://github.com/sponsors/sindresorhus"
			}
		},
		"node_modules/cacheable-request/node_modules/lowercase-keys": {
			"version": "2.0.0",
			"dev": true,
			"license": "MIT",
			"engines": {
				"node": ">=8"
			}
		},
		"node_modules/clone-response": {
			"version": "1.0.2",
			"dev": true,
			"license": "MIT",
			"dependencies": {
				"mimic-response": "^1.0.0"
			}
		},
		"node_modules/concat-stream": {
			"version": "1.6.2",
			"dev": true,
			"engines": [
				"node >= 0.8"
			],
			"license": "MIT",
			"dependencies": {
				"buffer-from": "^1.0.0",
				"inherits": "^2.0.3",
				"readable-stream": "^2.2.2",
				"typedarray": "^0.0.6"
			}
		},
		"node_modules/config-chain": {
			"version": "1.1.13",
			"dev": true,
			"license": "MIT",
			"optional": true,
			"dependencies": {
				"ini": "^1.3.4",
				"proto-list": "~1.2.1"
			}
		},
		"node_modules/core-util-is": {
			"version": "1.0.3",
			"dev": true,
			"license": "MIT"
		},
		"node_modules/debug": {
			"version": "4.3.3",
			"dev": true,
			"license": "MIT",
			"dependencies": {
				"ms": "2.1.2"
			},
			"engines": {
				"node": ">=6.0"
			},
			"peerDependenciesMeta": {
				"supports-color": {
					"optional": true
				}
			}
		},
		"node_modules/decompress-response": {
			"version": "3.3.0",
			"dev": true,
			"license": "MIT",
			"dependencies": {
				"mimic-response": "^1.0.0"
			},
			"engines": {
				"node": ">=4"
			}
		},
		"node_modules/defer-to-connect": {
			"version": "1.1.3",
			"dev": true,
			"license": "MIT"
		},
		"node_modules/define-properties": {
			"version": "1.1.3",
			"dev": true,
			"license": "MIT",
			"optional": true,
			"dependencies": {
				"object-keys": "^1.0.12"
			},
			"engines": {
				"node": ">= 0.4"
			}
		},
		"node_modules/detect-node": {
			"version": "2.1.0",
			"dev": true,
			"license": "MIT",
			"optional": true
		},
		"node_modules/duplexer3": {
			"version": "0.1.4",
			"dev": true,
			"license": "BSD-3-Clause"
		},
		"node_modules/electron": {
			"version": "17.1.2",
			"resolved": "https://registry.npmjs.org/electron/-/electron-17.1.2.tgz",
			"integrity": "sha512-hqKQaUIRWX5Y2eAD8FZINWD/e5TKdpkbBYbkcZmJS4Bd1PKQsaDVc9h5xoA8zZQkPymE9rss+swjRpAFurOPGQ==",
			"dev": true,
			"hasInstallScript": true,
			"dependencies": {
				"@electron/get": "^1.13.0",
				"@types/node": "^14.6.2",
				"extract-zip": "^1.0.3"
			},
			"bin": {
				"electron": "cli.js"
			},
			"engines": {
				"node": ">= 8.6"
			}
		},
		"node_modules/encodeurl": {
			"version": "1.0.2",
			"dev": true,
			"license": "MIT",
			"optional": true,
			"engines": {
				"node": ">= 0.8"
			}
		},
		"node_modules/end-of-stream": {
			"version": "1.4.4",
			"dev": true,
			"license": "MIT",
			"dependencies": {
				"once": "^1.4.0"
			}
		},
		"node_modules/env-paths": {
			"version": "2.2.1",
			"dev": true,
			"license": "MIT",
			"engines": {
				"node": ">=6"
			}
		},
		"node_modules/es6-error": {
			"version": "4.1.1",
			"dev": true,
			"license": "MIT",
			"optional": true
		},
		"node_modules/escape-string-regexp": {
			"version": "4.0.0",
			"dev": true,
			"license": "MIT",
			"optional": true,
			"engines": {
				"node": ">=10"
			},
			"funding": {
				"url": "https://github.com/sponsors/sindresorhus"
			}
		},
		"node_modules/extract-zip": {
			"version": "1.7.0",
			"dev": true,
			"license": "BSD-2-Clause",
			"dependencies": {
				"concat-stream": "^1.6.2",
				"debug": "^2.6.9",
				"mkdirp": "^0.5.4",
				"yauzl": "^2.10.0"
			},
			"bin": {
				"extract-zip": "cli.js"
			}
		},
		"node_modules/extract-zip/node_modules/debug": {
			"version": "2.6.9",
			"dev": true,
			"license": "MIT",
			"dependencies": {
				"ms": "2.0.0"
			}
		},
		"node_modules/extract-zip/node_modules/ms": {
			"version": "2.0.0",
			"dev": true,
			"license": "MIT"
		},
		"node_modules/fd-slicer": {
			"version": "1.1.0",
			"dev": true,
			"license": "MIT",
			"dependencies": {
				"pend": "~1.2.0"
			}
		},
		"node_modules/fs-extra": {
			"version": "8.1.0",
			"dev": true,
			"license": "MIT",
			"dependencies": {
				"graceful-fs": "^4.2.0",
				"jsonfile": "^4.0.0",
				"universalify": "^0.1.0"
			},
			"engines": {
				"node": ">=6 <7 || >=8"
			}
		},
		"node_modules/get-stream": {
			"version": "4.1.0",
			"dev": true,
			"license": "MIT",
			"dependencies": {
				"pump": "^3.0.0"
			},
			"engines": {
				"node": ">=6"
			}
		},
		"node_modules/global-agent": {
			"version": "3.0.0",
			"dev": true,
			"license": "BSD-3-Clause",
			"optional": true,
			"dependencies": {
				"boolean": "^3.0.1",
				"es6-error": "^4.1.1",
				"matcher": "^3.0.0",
				"roarr": "^2.15.3",
				"semver": "^7.3.2",
				"serialize-error": "^7.0.1"
			},
			"engines": {
				"node": ">=10.0"
			}
		},
		"node_modules/global-agent/node_modules/semver": {
			"version": "7.3.5",
			"dev": true,
			"license": "ISC",
			"optional": true,
			"dependencies": {
				"lru-cache": "^6.0.0"
			},
			"bin": {
				"semver": "bin/semver.js"
			},
			"engines": {
				"node": ">=10"
			}
		},
		"node_modules/global-tunnel-ng": {
			"version": "2.7.1",
			"dev": true,
			"license": "BSD-3-Clause",
			"optional": true,
			"dependencies": {
				"encodeurl": "^1.0.2",
				"lodash": "^4.17.10",
				"npm-conf": "^1.1.3",
				"tunnel": "^0.0.6"
			},
			"engines": {
				"node": ">=0.10"
			}
		},
		"node_modules/globalthis": {
			"version": "1.0.2",
			"dev": true,
			"license": "MIT",
			"optional": true,
			"dependencies": {
				"define-properties": "^1.1.3"
			},
			"engines": {
				"node": ">= 0.4"
			},
			"funding": {
				"url": "https://github.com/sponsors/ljharb"
			}
		},
		"node_modules/got": {
			"version": "9.6.0",
			"dev": true,
			"license": "MIT",
			"dependencies": {
				"@sindresorhus/is": "^0.14.0",
				"@szmarczak/http-timer": "^1.1.2",
				"cacheable-request": "^6.0.0",
				"decompress-response": "^3.3.0",
				"duplexer3": "^0.1.4",
				"get-stream": "^4.1.0",
				"lowercase-keys": "^1.0.1",
				"mimic-response": "^1.0.1",
				"p-cancelable": "^1.0.0",
				"to-readable-stream": "^1.0.0",
				"url-parse-lax": "^3.0.0"
			},
			"engines": {
				"node": ">=8.6"
			}
		},
		"node_modules/graceful-fs": {
			"version": "4.2.8",
			"dev": true,
			"license": "ISC"
		},
		"node_modules/http-cache-semantics": {
			"version": "4.1.0",
			"dev": true,
			"license": "BSD-2-Clause"
		},
		"node_modules/inherits": {
			"version": "2.0.4",
			"dev": true,
			"license": "ISC"
		},
		"node_modules/ini": {
			"version": "1.3.8",
			"dev": true,
			"license": "ISC",
			"optional": true
		},
		"node_modules/isarray": {
			"version": "1.0.0",
			"dev": true,
			"license": "MIT"
		},
		"node_modules/json-buffer": {
			"version": "3.0.0",
			"dev": true,
			"license": "MIT"
		},
		"node_modules/json-stringify-safe": {
			"version": "5.0.1",
			"dev": true,
			"license": "ISC",
			"optional": true
		},
		"node_modules/jsonfile": {
			"version": "4.0.0",
			"dev": true,
			"license": "MIT",
			"optionalDependencies": {
				"graceful-fs": "^4.1.6"
			}
		},
		"node_modules/keyv": {
			"version": "3.1.0",
			"dev": true,
			"license": "MIT",
			"dependencies": {
				"json-buffer": "3.0.0"
			}
		},
		"node_modules/lodash": {
			"version": "4.17.21",
			"dev": true,
			"license": "MIT",
			"optional": true
		},
		"node_modules/lowercase-keys": {
			"version": "1.0.1",
			"dev": true,
			"license": "MIT",
			"engines": {
				"node": ">=0.10.0"
			}
		},
		"node_modules/lru-cache": {
			"version": "6.0.0",
			"dev": true,
			"license": "ISC",
			"optional": true,
			"dependencies": {
				"yallist": "^4.0.0"
			},
			"engines": {
				"node": ">=10"
			}
		},
		"node_modules/matcher": {
			"version": "3.0.0",
			"dev": true,
			"license": "MIT",
			"optional": true,
			"dependencies": {
				"escape-string-regexp": "^4.0.0"
			},
			"engines": {
				"node": ">=10"
			}
		},
		"node_modules/mimic-response": {
			"version": "1.0.1",
			"dev": true,
			"license": "MIT",
			"engines": {
				"node": ">=4"
			}
		},
		"node_modules/minimist": {
			"version": "1.2.5",
			"dev": true,
			"license": "MIT"
		},
		"node_modules/mkdirp": {
			"version": "0.5.5",
			"dev": true,
			"license": "MIT",
			"dependencies": {
				"minimist": "^1.2.5"
			},
			"bin": {
				"mkdirp": "bin/cmd.js"
			}
		},
		"node_modules/ms": {
			"version": "2.1.2",
			"dev": true,
			"license": "MIT"
		},
		"node_modules/normalize-url": {
			"version": "4.5.1",
			"dev": true,
			"license": "MIT",
			"engines": {
				"node": ">=8"
			}
		},
		"node_modules/npm-conf": {
			"version": "1.1.3",
			"dev": true,
			"license": "MIT",
			"optional": true,
			"dependencies": {
				"config-chain": "^1.1.11",
				"pify": "^3.0.0"
			},
			"engines": {
				"node": ">=4"
			}
		},
		"node_modules/object-keys": {
			"version": "1.1.1",
			"dev": true,
			"license": "MIT",
			"optional": true,
			"engines": {
				"node": ">= 0.4"
			}
		},
		"node_modules/once": {
			"version": "1.4.0",
			"dev": true,
			"license": "ISC",
			"dependencies": {
				"wrappy": "1"
			}
		},
		"node_modules/p-cancelable": {
			"version": "1.1.0",
			"dev": true,
			"license": "MIT",
			"engines": {
				"node": ">=6"
			}
		},
		"node_modules/pend": {
			"version": "1.2.0",
			"dev": true,
			"license": "MIT"
		},
		"node_modules/pify": {
			"version": "3.0.0",
			"dev": true,
			"license": "MIT",
			"optional": true,
			"engines": {
				"node": ">=4"
			}
		},
		"node_modules/prepend-http": {
			"version": "2.0.0",
			"dev": true,
			"license": "MIT",
			"engines": {
				"node": ">=4"
			}
		},
		"node_modules/process-nextick-args": {
			"version": "2.0.1",
			"dev": true,
			"license": "MIT"
		},
		"node_modules/progress": {
			"version": "2.0.3",
			"dev": true,
			"license": "MIT",
			"engines": {
				"node": ">=0.4.0"
			}
		},
		"node_modules/proto-list": {
			"version": "1.2.4",
			"dev": true,
			"license": "ISC",
			"optional": true
		},
		"node_modules/pump": {
			"version": "3.0.0",
			"dev": true,
			"license": "MIT",
			"dependencies": {
				"end-of-stream": "^1.1.0",
				"once": "^1.3.1"
			}
		},
		"node_modules/readable-stream": {
			"version": "2.3.7",
			"dev": true,
			"license": "MIT",
			"dependencies": {
				"core-util-is": "~1.0.0",
				"inherits": "~2.0.3",
				"isarray": "~1.0.0",
				"process-nextick-args": "~2.0.0",
				"safe-buffer": "~5.1.1",
				"string_decoder": "~1.1.1",
				"util-deprecate": "~1.0.1"
			}
		},
		"node_modules/responselike": {
			"version": "1.0.2",
			"dev": true,
			"license": "MIT",
			"dependencies": {
				"lowercase-keys": "^1.0.0"
			}
		},
		"node_modules/roarr": {
			"version": "2.15.4",
			"dev": true,
			"license": "BSD-3-Clause",
			"optional": true,
			"dependencies": {
				"boolean": "^3.0.1",
				"detect-node": "^2.0.4",
				"globalthis": "^1.0.1",
				"json-stringify-safe": "^5.0.1",
				"semver-compare": "^1.0.0",
				"sprintf-js": "^1.1.2"
			},
			"engines": {
				"node": ">=8.0"
			}
		},
		"node_modules/safe-buffer": {
			"version": "5.1.2",
			"dev": true,
			"license": "MIT"
		},
		"node_modules/semver": {
			"version": "6.3.0",
			"dev": true,
			"license": "ISC",
			"bin": {
				"semver": "bin/semver.js"
			}
		},
		"node_modules/semver-compare": {
			"version": "1.0.0",
			"dev": true,
			"license": "MIT",
			"optional": true
		},
		"node_modules/serialize-error": {
			"version": "7.0.1",
			"dev": true,
			"license": "MIT",
			"optional": true,
			"dependencies": {
				"type-fest": "^0.13.1"
			},
			"engines": {
				"node": ">=10"
			},
			"funding": {
				"url": "https://github.com/sponsors/sindresorhus"
			}
		},
		"node_modules/sprintf-js": {
			"version": "1.1.2",
			"dev": true,
			"license": "BSD-3-Clause",
			"optional": true
		},
		"node_modules/string_decoder": {
			"version": "1.1.1",
			"dev": true,
			"license": "MIT",
			"dependencies": {
				"safe-buffer": "~5.1.0"
			}
		},
		"node_modules/sumchecker": {
			"version": "3.0.1",
			"dev": true,
			"license": "Apache-2.0",
			"dependencies": {
				"debug": "^4.1.0"
			},
			"engines": {
				"node": ">= 8.0"
			}
		},
		"node_modules/to-readable-stream": {
			"version": "1.0.0",
			"dev": true,
			"license": "MIT",
			"engines": {
				"node": ">=6"
			}
		},
		"node_modules/tunnel": {
			"version": "0.0.6",
			"dev": true,
			"license": "MIT",
			"optional": true,
			"engines": {
				"node": ">=0.6.11 <=0.7.0 || >=0.7.3"
			}
		},
		"node_modules/type-fest": {
			"version": "0.13.1",
			"dev": true,
			"license": "(MIT OR CC0-1.0)",
			"optional": true,
			"engines": {
				"node": ">=10"
			},
			"funding": {
				"url": "https://github.com/sponsors/sindresorhus"
			}
		},
		"node_modules/typedarray": {
			"version": "0.0.6",
			"dev": true,
			"license": "MIT"
		},
		"node_modules/universalify": {
			"version": "0.1.2",
			"dev": true,
			"license": "MIT",
			"engines": {
				"node": ">= 4.0.0"
			}
		},
		"node_modules/url-parse-lax": {
			"version": "3.0.0",
			"dev": true,
			"license": "MIT",
			"dependencies": {
				"prepend-http": "^2.0.0"
			},
			"engines": {
				"node": ">=4"
			}
		},
		"node_modules/util-deprecate": {
			"version": "1.0.2",
			"dev": true,
			"license": "MIT"
		},
		"node_modules/wrappy": {
			"version": "1.0.2",
			"dev": true,
			"license": "ISC"
		},
		"node_modules/yallist": {
			"version": "4.0.0",
			"dev": true,
			"license": "ISC",
			"optional": true
		},
		"node_modules/yauzl": {
			"version": "2.10.0",
			"dev": true,
			"license": "MIT",
			"dependencies": {
				"buffer-crc32": "~0.2.3",
				"fd-slicer": "~1.1.0"
			}
		}
	},
	"dependencies": {
		"@electron/get": {
			"version": "1.13.1",
			"dev": true,
			"requires": {
				"debug": "^4.1.1",
				"env-paths": "^2.2.0",
				"fs-extra": "^8.1.0",
				"global-agent": "^3.0.0",
				"global-tunnel-ng": "^2.7.1",
				"got": "^9.6.0",
				"progress": "^2.0.3",
				"semver": "^6.2.0",
				"sumchecker": "^3.0.1"
			}
		},
		"@sindresorhus/is": {
			"version": "0.14.0",
			"dev": true
		},
		"@szmarczak/http-timer": {
			"version": "1.1.2",
			"dev": true,
			"requires": {
				"defer-to-connect": "^1.0.1"
			}
		},
		"@types/node": {
			"version": "14.18.1",
			"dev": true
		},
		"boolean": {
			"version": "3.1.4",
			"dev": true,
			"optional": true
		},
		"buffer-crc32": {
			"version": "0.2.13",
			"dev": true
		},
		"buffer-from": {
			"version": "1.1.2",
			"dev": true
		},
		"cacheable-request": {
			"version": "6.1.0",
			"dev": true,
			"requires": {
				"clone-response": "^1.0.2",
				"get-stream": "^5.1.0",
				"http-cache-semantics": "^4.0.0",
				"keyv": "^3.0.0",
				"lowercase-keys": "^2.0.0",
				"normalize-url": "^4.1.0",
				"responselike": "^1.0.2"
			},
			"dependencies": {
				"get-stream": {
					"version": "5.2.0",
					"dev": true,
					"requires": {
						"pump": "^3.0.0"
					}
				},
				"lowercase-keys": {
					"version": "2.0.0",
					"dev": true
				}
			}
		},
		"clone-response": {
			"version": "1.0.2",
			"dev": true,
			"requires": {
				"mimic-response": "^1.0.0"
			}
		},
		"concat-stream": {
			"version": "1.6.2",
			"dev": true,
			"requires": {
				"buffer-from": "^1.0.0",
				"inherits": "^2.0.3",
				"readable-stream": "^2.2.2",
				"typedarray": "^0.0.6"
			}
		},
		"config-chain": {
			"version": "1.1.13",
			"dev": true,
			"optional": true,
			"requires": {
				"ini": "^1.3.4",
				"proto-list": "~1.2.1"
			}
		},
		"core-util-is": {
			"version": "1.0.3",
			"dev": true
		},
		"debug": {
			"version": "4.3.3",
			"dev": true,
			"requires": {
				"ms": "2.1.2"
			}
		},
		"decompress-response": {
			"version": "3.3.0",
			"dev": true,
			"requires": {
				"mimic-response": "^1.0.0"
			}
		},
		"defer-to-connect": {
			"version": "1.1.3",
			"dev": true
		},
		"define-properties": {
			"version": "1.1.3",
			"dev": true,
			"optional": true,
			"requires": {
				"object-keys": "^1.0.12"
			}
		},
		"detect-node": {
			"version": "2.1.0",
			"dev": true,
			"optional": true
		},
		"duplexer3": {
			"version": "0.1.4",
			"dev": true
		},
		"electron": {
			"version": "17.1.2",
			"resolved": "https://registry.npmjs.org/electron/-/electron-17.1.2.tgz",
			"integrity": "sha512-hqKQaUIRWX5Y2eAD8FZINWD/e5TKdpkbBYbkcZmJS4Bd1PKQsaDVc9h5xoA8zZQkPymE9rss+swjRpAFurOPGQ==",
			"dev": true,
			"requires": {
				"@electron/get": "^1.13.0",
				"@types/node": "^14.6.2",
				"extract-zip": "^1.0.3"
			}
		},
		"encodeurl": {
			"version": "1.0.2",
			"dev": true,
			"optional": true
		},
		"end-of-stream": {
			"version": "1.4.4",
			"dev": true,
			"requires": {
				"once": "^1.4.0"
			}
		},
		"env-paths": {
			"version": "2.2.1",
			"dev": true
		},
		"es6-error": {
			"version": "4.1.1",
			"dev": true,
			"optional": true
		},
		"escape-string-regexp": {
			"version": "4.0.0",
			"dev": true,
			"optional": true
		},
		"extract-zip": {
			"version": "1.7.0",
			"dev": true,
			"requires": {
				"concat-stream": "^1.6.2",
				"debug": "^2.6.9",
				"mkdirp": "^0.5.4",
				"yauzl": "^2.10.0"
			},
			"dependencies": {
				"debug": {
					"version": "2.6.9",
					"dev": true,
					"requires": {
						"ms": "2.0.0"
					}
				},
				"ms": {
					"version": "2.0.0",
					"dev": true
				}
			}
		},
		"fd-slicer": {
			"version": "1.1.0",
			"dev": true,
			"requires": {
				"pend": "~1.2.0"
			}
		},
		"fs-extra": {
			"version": "8.1.0",
			"dev": true,
			"requires": {
				"graceful-fs": "^4.2.0",
				"jsonfile": "^4.0.0",
				"universalify": "^0.1.0"
			}
		},
		"get-stream": {
			"version": "4.1.0",
			"dev": true,
			"requires": {
				"pump": "^3.0.0"
			}
		},
		"global-agent": {
			"version": "3.0.0",
			"dev": true,
			"optional": true,
			"requires": {
				"boolean": "^3.0.1",
				"es6-error": "^4.1.1",
				"matcher": "^3.0.0",
				"roarr": "^2.15.3",
				"semver": "^7.3.2",
				"serialize-error": "^7.0.1"
			},
			"dependencies": {
				"semver": {
					"version": "7.3.5",
					"dev": true,
					"optional": true,
					"requires": {
						"lru-cache": "^6.0.0"
					}
				}
			}
		},
		"global-tunnel-ng": {
			"version": "2.7.1",
			"dev": true,
			"optional": true,
			"requires": {
				"encodeurl": "^1.0.2",
				"lodash": "^4.17.10",
				"npm-conf": "^1.1.3",
				"tunnel": "^0.0.6"
			}
		},
		"globalthis": {
			"version": "1.0.2",
			"dev": true,
			"optional": true,
			"requires": {
				"define-properties": "^1.1.3"
			}
		},
		"got": {
			"version": "9.6.0",
			"dev": true,
			"requires": {
				"@sindresorhus/is": "^0.14.0",
				"@szmarczak/http-timer": "^1.1.2",
				"cacheable-request": "^6.0.0",
				"decompress-response": "^3.3.0",
				"duplexer3": "^0.1.4",
				"get-stream": "^4.1.0",
				"lowercase-keys": "^1.0.1",
				"mimic-response": "^1.0.1",
				"p-cancelable": "^1.0.0",
				"to-readable-stream": "^1.0.0",
				"url-parse-lax": "^3.0.0"
			}
		},
		"graceful-fs": {
			"version": "4.2.8",
			"dev": true
		},
		"http-cache-semantics": {
			"version": "4.1.0",
			"dev": true
		},
		"inherits": {
			"version": "2.0.4",
			"dev": true
		},
		"ini": {
			"version": "1.3.8",
			"dev": true,
			"optional": true
		},
		"isarray": {
			"version": "1.0.0",
			"dev": true
		},
		"json-buffer": {
			"version": "3.0.0",
			"dev": true
		},
		"json-stringify-safe": {
			"version": "5.0.1",
			"dev": true,
			"optional": true
		},
		"jsonfile": {
			"version": "4.0.0",
			"dev": true,
			"requires": {
				"graceful-fs": "^4.1.6"
			}
		},
		"keyv": {
			"version": "3.1.0",
			"dev": true,
			"requires": {
				"json-buffer": "3.0.0"
			}
		},
		"lodash": {
			"version": "4.17.21",
			"dev": true,
			"optional": true
		},
		"lowercase-keys": {
			"version": "1.0.1",
			"dev": true
		},
		"lru-cache": {
			"version": "6.0.0",
			"dev": true,
			"optional": true,
			"requires": {
				"yallist": "^4.0.0"
			}
		},
		"matcher": {
			"version": "3.0.0",
			"dev": true,
			"optional": true,
			"requires": {
				"escape-string-regexp": "^4.0.0"
			}
		},
		"mimic-response": {
			"version": "1.0.1",
			"dev": true
		},
		"minimist": {
			"version": "1.2.5",
			"dev": true
		},
		"mkdirp": {
			"version": "0.5.5",
			"dev": true,
			"requires": {
				"minimist": "^1.2.5"
			}
		},
		"ms": {
			"version": "2.1.2",
			"dev": true
		},
		"normalize-url": {
			"version": "4.5.1",
			"dev": true
		},
		"npm-conf": {
			"version": "1.1.3",
			"dev": true,
			"optional": true,
			"requires": {
				"config-chain": "^1.1.11",
				"pify": "^3.0.0"
			}
		},
		"object-keys": {
			"version": "1.1.1",
			"dev": true,
			"optional": true
		},
		"once": {
			"version": "1.4.0",
			"dev": true,
			"requires": {
				"wrappy": "1"
			}
		},
		"p-cancelable": {
			"version": "1.1.0",
			"dev": true
		},
		"pend": {
			"version": "1.2.0",
			"dev": true
		},
		"pify": {
			"version": "3.0.0",
			"dev": true,
			"optional": true
		},
		"prepend-http": {
			"version": "2.0.0",
			"dev": true
		},
		"process-nextick-args": {
			"version": "2.0.1",
			"dev": true
		},
		"progress": {
			"version": "2.0.3",
			"dev": true
		},
		"proto-list": {
			"version": "1.2.4",
			"dev": true,
			"optional": true
		},
		"pump": {
			"version": "3.0.0",
			"dev": true,
			"requires": {
				"end-of-stream": "^1.1.0",
				"once": "^1.3.1"
			}
		},
		"readable-stream": {
			"version": "2.3.7",
			"dev": true,
			"requires": {
				"core-util-is": "~1.0.0",
				"inherits": "~2.0.3",
				"isarray": "~1.0.0",
				"process-nextick-args": "~2.0.0",
				"safe-buffer": "~5.1.1",
				"string_decoder": "~1.1.1",
				"util-deprecate": "~1.0.1"
			}
		},
		"responselike": {
			"version": "1.0.2",
			"dev": true,
			"requires": {
				"lowercase-keys": "^1.0.0"
			}
		},
		"roarr": {
			"version": "2.15.4",
			"dev": true,
			"optional": true,
			"requires": {
				"boolean": "^3.0.1",
				"detect-node": "^2.0.4",
				"globalthis": "^1.0.1",
				"json-stringify-safe": "^5.0.1",
				"semver-compare": "^1.0.0",
				"sprintf-js": "^1.1.2"
			}
		},
		"safe-buffer": {
			"version": "5.1.2",
			"dev": true
		},
		"semver": {
			"version": "6.3.0",
			"dev": true
		},
		"semver-compare": {
			"version": "1.0.0",
			"dev": true,
			"optional": true
		},
		"serialize-error": {
			"version": "7.0.1",
			"dev": true,
			"optional": true,
			"requires": {
				"type-fest": "^0.13.1"
			}
		},
		"sprintf-js": {
			"version": "1.1.2",
			"dev": true,
			"optional": true
		},
		"string_decoder": {
			"version": "1.1.1",
			"dev": true,
			"requires": {
				"safe-buffer": "~5.1.0"
			}
		},
		"sumchecker": {
			"version": "3.0.1",
			"dev": true,
			"requires": {
				"debug": "^4.1.0"
			}
		},
		"to-readable-stream": {
			"version": "1.0.0",
			"dev": true
		},
		"tunnel": {
			"version": "0.0.6",
			"dev": true,
			"optional": true
		},
		"type-fest": {
			"version": "0.13.1",
			"dev": true,
			"optional": true
		},
		"typedarray": {
			"version": "0.0.6",
			"dev": true
		},
		"universalify": {
			"version": "0.1.2",
			"dev": true
		},
		"url-parse-lax": {
			"version": "3.0.0",
			"dev": true,
			"requires": {
				"prepend-http": "^2.0.0"
			}
		},
		"util-deprecate": {
			"version": "1.0.2",
			"dev": true
		},
		"wrappy": {
			"version": "1.0.2",
			"dev": true
		},
		"yallist": {
			"version": "4.0.0",
			"dev": true,
			"optional": true
		},
		"yauzl": {
			"version": "2.10.0",
			"dev": true,
			"requires": {
				"buffer-crc32": "~0.2.3",
				"fd-slicer": "~1.1.0"
			}
		}
	}
}
